version: 1.0
shards:
  db:
    github: crystal-lang/crystal-db
    version: 0.7.0

  dotenv:
    github: gdotdesign/cr-dotenv
    version: 0.3.1

  exception_page:
    github: crystal-loot/exception_page
    version: 0.1.2

  json-socket:
    github: foi/crystal-json-socket
    commit: 0c3a3667ea4b051e6f633ec695ea0d2547cb7917

  kemal:
    github: kemalcr/kemal
    version: 0.26.0

  kilt:
    github: jeromegn/kilt
    version: 0.4.0

  pg:
    github: will/crystal-pg
    version: 0.19.0

  radix:
    github: luislavena/radix
    version: 0.3.9

